
Microsoft Visual Studio Solution File, Format Version 12.00
# Visual Studio Version 17
VisualStudioVersion = 17.6.33723.286
MinimumVisualStudioVersion = 10.0.40219.1
Project("{FAE04EC0-301F-11D3-BF4B-00C04F79EFBC}") = "ZCalculator", "ZCalculator.csproj", "{C631D29F-D495-4556-8BCB-7AFB4BB16CA5}"
EndProject
Global
	GlobalSection(SolutionConfigurationPlatforms) = preSolution
		Debug|Any CPU = Debug|Any CPU
		Release|Any CPU = Release|Any CPU
	EndGlobalSection
	GlobalSection(ProjectConfigurationPlatforms) = postSolution
		{C631D29F-D495-4556-8BCB-7AFB4BB16CA5}.Debug|Any CPU.ActiveCfg = Debug|Any CPU
		{C631D29F-D495-4556-8BCB-7AFB4BB16CA5}.Debug|Any CPU.Build.0 = Debug|Any CPU
		{C631D29F-D495-4556-8BCB-7AFB4BB16CA5}.Release|Any CPU.ActiveCfg = Release|Any CPU
		{C631D29F-D495-4556-8BCB-7AFB4BB16CA5}.Release|Any CPU.Build.0 = Release|Any CPU
	EndGlobalSection
	GlobalSection(SolutionProperties) = preSolution
		HideSolutionNode = FALSE
	EndGlobalSection
	GlobalSection(ExtensibilityGlobals) = postSolution
		SolutionGuid = {E0A2B363-4C51-40E6-8E09-6712B8222275}
	EndGlobalSection
EndGlobal
